
Microsoft Visual Studio Solution File, Format Version 12.00
# Visual Studio Version 16
VisualStudioVersion = 16.0.31911.196
MinimumVisualStudioVersion = 10.0.40219.1
Project("{FAE04EC0-301F-11D3-BF4B-00C04F79EFBC}") = "PI_Project", "PI_Project.csproj", "{143A3D3F-4195-4351-A945-9022E394DB18}"
EndProject
Global
	GlobalSection(SolutionConfigurationPlatforms) = preSolution
		Debug|Any CPU = Debug|Any CPU
		Release|Any CPU = Release|Any CPU
	EndGlobalSection
	GlobalSection(ProjectConfigurationPlatforms) = postSolution
		{143A3D3F-4195-4351-A945-9022E394DB18}.Debug|Any CPU.ActiveCfg = Debug|Any CPU
		{143A3D3F-4195-4351-A945-9022E394DB18}.Debug|Any CPU.Build.0 = Debug|Any CPU
		{143A3D3F-4195-4351-A945-9022E394DB18}.Release|Any CPU.ActiveCfg = Release|Any CPU
		{143A3D3F-4195-4351-A945-9022E394DB18}.Release|Any CPU.Build.0 = Release|Any CPU
	EndGlobalSection
	GlobalSection(SolutionProperties) = preSolution
		HideSolutionNode = FALSE
	EndGlobalSection
	GlobalSection(ExtensibilityGlobals) = postSolution
		SolutionGuid = {2F4E5A29-D3F1-42DC-B33D-96E9CE063147}
	EndGlobalSection
EndGlobal
